<Solution>
  <Folder Name="/apps/">
    <Project Path="apps/MaNoir.Agents.Erza/MaNoir.Agents.Erza.csproj" />
    <Project Path="apps/MaNoir.Core.AdminUi/MaNoir.Core.AdminUi.csproj" />
    <Project Path="apps/MaNoir.Core.Api/MaNoir.Core.Api.csproj" />
  </Folder>
  <Folder Name="/packages/">
    <Project Path="packages/MaNoir.CommunicationHub/MaNoir.CommunicationHub.csproj" />
    <Project Path="packages/MaNoir.CommunicationHub.Contracts/MaNoir.CommunicationHub.Contracts.csproj" />
    <Project Path="packages/MaNoir.Core.AdminUi.Hosting/MaNoir.Core.AdminUi.Hosting.csproj" />
    <Project Path="packages/MaNoir.Core.Contracts/MaNoir.Core.Contracts.csproj" />
    <Project Path="packages/MaNoir.Core/MaNoir.Core.csproj" />
  </Folder>
  <Folder Name="/tests/">
    <Project Path="tests/MaNoir.Core.UnitTests/MaNoir.Core.UnitTests.csproj" />
    <Project Path="tests/MaNoir.Core.FunctionalTests/MaNoir.Core.FunctionalTests.csproj" />
  </Folder>
</Solution>
